github.com/aws/aws-sdk-go-v2 v1.40.0 h1:/WMUA0kjhZExjOQN2z3oLALDREea1A7TobfuiBrKlwc=
github.com/aws/aws-sdk-go-v2 v1.40.0/go.mod h1:c9pm7VwuW0UPxAEYGyTmyurVcNrbF6Rt/wixFqDhcjE=
github.com/aws/aws-sdk-go-v2/config v1.32.1 h1:iODUDLgk3q8/flEC7ymhmxjfoAnBDwEEYEVyKZ9mzjU=
github.com/aws/aws-sdk-go-v2/config v1.32.1/go.mod h1:xoAgo17AGrPpJBSLg81W+ikM0cpOZG8ad04T2r+d5P0=
github.com/aws/aws-sdk-go-v2/credentials v1.19.1 h1:JeW+EwmtTE0yXFK8SmklrFh/cGTTXsQJumgMZNlbxfM=
github.com/aws/aws-sdk-go-v2/credentials v1.19.1/go.mod h1:BOoXiStwTF+fT2XufhO0Efssbi1CNIO/ZXpZu87N0pw=
github.com/aws/aws-sdk-go-v2/feature/ec2/imds v1.18.14 h1:WZVR5DbDgxzA0BJeudId89Kmgy6DIU4ORpxwsVHz0qA=
github.com/aws/aws-sdk-go-v2/feature/ec2/imds v1.18.14/go.mod h1:Dadl9QO0kHgbrH1GRqGiZdYtW5w+IXXaBNCHTIaheM4=
github.com/aws/aws-sdk-go-v2/internal/configsources v1.4.14 h1:PZHqQACxYb8mYgms4RZbhZG0a7dPW06xOjmaH0EJC/I=
github.com/aws/aws-sdk-go-v2/internal/configsources v1.4.14/go.mod h1:VymhrMJUWs69D8u0/lZ7jSB6WgaG/NqHi3gX0aYf6U0=
github.com/aws/aws-sdk-go-v2/internal/endpoints/v2 v2.7.14 h1:bOS19y6zlJwagBfHxs0ESzr1XCOU2KXJCWcq3E2vfjY=
github.com/aws/aws-sdk-go-v2/internal/endpoints/v2 v2.7.14/go.mod h1:1ipeGBMAxZ0xcTm6y6paC2C/J6f6OO7LBODV9afuAyM=
github.com/aws/aws-sdk-go-v2/internal/ini v1.8.4 h1:WKuaxf++XKWlHWu9ECbMlha8WOEGm0OUEZqm4K/Gcfk=
github.com/aws/aws-sdk-go-v2/internal/ini v1.8.4/go.mod h1:ZWy7j6v1vWGmPReu0iSGvRiise4YI5SkR3OHKTZ6Wuc=
github.com/aws/aws-sdk-go-v2/service/ec2 v1.274.0 h1:Q2+WD4KSVRkd27QxD9I30nM3O7B4WYwE+ua5dm2NJY0=
github.com/aws/aws-sdk-go-v2/service/ec2 v1.274.0/go.mod h1:QrV+/GjhSrJh6MRRuTO6ZEg4M2I0nwPakf0lZHSrE1o=
github.com/aws/aws-sdk-go-v2/service/internal/accept-encoding v1.13.3 h1:x2Ibm/Af8Fi+BH+Hsn9TXGdT+hKbDd5XOTZxTMxDk7o=
github.com/aws/aws-sdk-go-v2/service/internal/accept-encoding v1.13.3/go.mod h1:IW1jwyrQgMdhisceG8fQLmQIydcT/jWY21rFhzgaKwo=
github.com/aws/aws-sdk-go-v2/service/internal/presigned-url v1.13.14 h1:FIouAnCE46kyYqyhs0XEBDFFSREtdnr8HQuLPQPLCrY=
github.com/aws/aws-sdk-go-v2/service/internal/presigned-url v1.13.14/go.mod h1:UTwDc5COa5+guonQU8qBikJo1ZJ4ln2r1MkF7Dqag1E=
github.com/aws/aws-sdk-go-v2/service/signin v1.0.1 h1:BDgIUYGEo5TkayOWv/oBLPphWwNm/A91AebUjAu5L5g=
github.com/aws/aws-sdk-go-v2/service/signin v1.0.1/go.mod h1:iS6EPmNeqCsGo+xQmXv0jIMjyYtQfnwg36zl2FwEouk=
github.com/aws/aws-sdk-go-v2/service/sso v1.30.4 h1:U//SlnkE1wOQiIImxzdY5PXat4Wq+8rlfVEw4Y7J8as=
github.com/aws/aws-sdk-go-v2/service/sso v1.30.4/go.mod h1:av+ArJpoYf3pgyrj6tcehSFW+y9/QvAY8kMooR9bZCw=
github.com/aws/aws-sdk-go-v2/service/ssooidc v1.35.9 h1:LU8S9W/mPDAU9q0FjCLi0TrCheLMGwzbRpvUMwYspcA=
github.com/aws/aws-sdk-go-v2/service/ssooidc v1.35.9/go.mod h1:/j67Z5XBVDx8nZVp9EuFM9/BS5dvBznbqILGuu73hug=
github.com/aws/aws-sdk-go-v2/service/sts v1.41.1 h1:GdGmKtG+/Krag7VfyOXV17xjTCz0i9NT+JnqLTOI5nA=
github.com/aws/aws-sdk-go-v2/service/sts v1.41.1/go.mod h1:6TxbXoDSgBQ225Qd8Q+MbxUxUh6TtNKwbRt/EPS9xso=
github.com/aws/smithy-go v1.23.2 h1:Crv0eatJUQhaManss33hS5r40CG3ZFH+21XSkqMrIUM=
github.com/aws/smithy-go v1.23.2/go.mod h1:LEj2LM3rBRQJxPZTB4KuzZkaZYnZPnvgIhb4pu07mx0=
github.com/carlmjohnson/versioninfo v0.22.4 h1:AucUHDSKmk6j7Yx3dECGUxaowGHOAN0Zx5/EBtsXn4Y=
github.com/carlmjohnson/versioninfo v0.22.4/go.mod h1:QT9mph3wcVfISUKd0i9sZfVrPviHuSF+cUtLjm2WSf8=
github.com/cpuguy83/go-md2man/v2 v2.0.7 h1:zbFlGlXEAKlwXpmvle3d8Oe3YnkKIK4xSRTd3sHPnBo=
github.com/cpuguy83/go-md2man/v2 v2.0.7/go.mod h1:oOW0eioCTA6cOiMLiUPZOpcVxMig6NIQQ7OS05n1F4g=
github.com/davecgh/go-spew v1.1.0/go.mod h1:J7Y8YcW2NihsgmVo/mv3lAwl/skON4iLHjSsI+c5H38=
github.com/davecgh/go-spew v1.1.1 h1:vj9j/u1bqnvCEfJOwUhtlOARqs3+rkHYY13jYWTU97c=
github.com/davecgh/go-spew v1.1.1/go.mod h1:J7Y8YcW2NihsgmVo/mv3lAwl/skON4iLHjSsI+c5H38=
github.com/kr/pretty v0.1.0 h1:L/CwN0zerZDmRFUapSPitk6f+Q3+0za1rQkzVuMiMFI=
github.com/kr/pretty v0.1.0/go.mod h1:dAy3ld7l9f0ibDNOQOHHMYYIIbhfbHSm3C4ZsoJORNo=
github.com/kr/pty v1.1.1/go.mod h1:pFQYn66WHrOpPYNljwOMqo10TkYh1fy3cYio2l3bCsQ=
github.com/kr/text v0.1.0 h1:45sCR5RtlFHMR4UwH9sdQ5TC8v0qDQCHnXt+kaKSTVE=
github.com/kr/text v0.1.0/go.mod h1:4Jbv+DJW3UT/LiOwJeYQe1efqtUx/iVham/4vfdArNI=
github.com/mattn/go-isatty v0.0.14 h1:yVuAays6BHfxijgZPzw+3Zlu5yQgKGP2/hcQbHb7S9Y=
github.com/mattn/go-isatty v0.0.14/go.mod h1:7GGIvUiUoEMVVmxf/4nioHXj79iQHKdU27kJ6hsGG94=
github.com/mitchellh/go-homedir v1.1.0 h1:lukF9ziXFxDFPkA1vsr5zpc1XuPDn/wFntq5mG+4E0Y=
github.com/mitchellh/go-homedir v1.1.0/go.mod h1:SfyaCUpYCn1Vlf4IUYiD9fPX4A5wJrkLzIz1N1q0pr0=
github.com/natefinch/atomic v1.0.1 h1:ZPYKxkqQOx3KZ+RsbnP/YsgvxWQPGxjC0oBt2AhwV0A=
github.com/natefinch/atomic v1.0.1/go.mod h1:N/D/ELrljoqDyT3rZrsUmtsuzvHkeB/wWjHV22AZRbM=
github.com/pmezard/go-difflib v1.0.0 h1:4DBwDE0NGyQoBHbLQYPwSUPoCMWR5BEzIk/f1lZbAQM=
github.com/pmezard/go-difflib v1.0.0/go.mod h1:iKH77koFhYxTK1pcRnkKkqfTogsbg7gZNVY4sRDYZ/4=
github.com/russross/blackfriday/v2 v2.1.0 h1:JIOH55/0cWyOuilr9/qlrm0BSXldqnqwMsf35Ld67mk=
github.com/russross/blackfriday/v2 v2.1.0/go.mod h1:+Rmxgy9KzJVeS9/2gXHxylqXiyQDYRxCVz55jmeOWTM=
github.com/sirupsen/logrus v1.8.1 h1:dJKuHgqk1NNQlqoA6BTlM1Wf9DOH3NBjQyu0h9+AZZE=
github.com/sirupsen/logrus v1.8.1/go.mod h1:yWOB1SBYBC5VeMP7gHvWumXLIWorT60ONWic61uBYv0=
github.com/stretchr/objx v0.1.0/go.mod h1:HFkY916IF+rwdDfMAkV7OtwuqBVzrE8GR6GFx+wExME=
github.com/stretchr/testify v1.2.2/go.mod h1:a8OnRcib4nhh0OaRAV+Yts87kKdq0PP7pXfy6kDkUVs=
github.com/stretchr/testify v1.7.0 h1:nwc3DEeHmmLAfoZucVR881uASk0Mfjw8xYJ99tb5CcY=
github.com/stretchr/testify v1.7.0/go.mod h1:6Fq8oRcR53rry900zMqJjRRixrwX3KX962/h/Wwjteg=
github.com/urfave/cli/v2 v2.27.7 h1:bH59vdhbjLv3LAvIu6gd0usJHgoTTPhCFib8qqOwXYU=
github.com/urfave/cli/v2 v2.27.7/go.mod h1:CyNAG/xg+iAOg0N4MPGZqVmv2rCoP267496AOXUZjA4=
github.com/xrash/smetrics v0.0.0-20240521201337-686a1a2994c1 h1:gEOO8jv9F4OT7lGCjxCBTO/36wtF6j2nSip77qHd4x4=
github.com/xrash/smetrics v0.0.0-20240521201337-686a1a2994c1/go.mod h1:Ohn+xnUBiLI6FVj/9LpzZWtj1/D6lUovWYBkxHVV3aM=
golang.org/x/sys v0.0.0-20191026070338-33540a1f6037/go.mod h1:h1NjWce9XRLGQEsW7wpKNCjG9DtNlClVuFLEZdDNbEs=
golang.org/x/sys v0.0.0-20210630005230-0f9fa26af87c/go.mod h1:oPkhp1MJrh7nUepCBck5+mAzfO9JrbApNNgaTdGDITg=
golang.org/x/sys v0.0.0-20220412211240-33da011f77ad h1:ntjMns5wyP/fN65tdBD4g8J5w8n015+iIIs9rtjXkY0=
golang.org/x/sys v0.0.0-20220412211240-33da011f77ad/go.mod h1:oPkhp1MJrh7nUepCBck5+mAzfO9JrbApNNgaTdGDITg=
gopkg.in/check.v1 v0.0.0-20161208181325-20d25e280405/go.mod h1:Co6ibVJAznAaIkqp8huTwlJQCZ016jof/cbN4VW5Yz0=
gopkg.in/check.v1 v1.0.0-20190902080502-41f04d3bba15 h1:YR8cESwS4TdDjEe65xsg0ogRM/Nc3DYOhEAlW+xobZo=
gopkg.in/check.v1 v1.0.0-20190902080502-41f04d3bba15/go.mod h1:Co6ibVJAznAaIkqp8huTwlJQCZ016jof/cbN4VW5Yz0=
gopkg.in/yaml.v3 v3.0.0-20200313102051-9f266ea9e77c/go.mod h1:K4uyk7z7BCEPqu6E+C64Yfv1cQ7kz7rIZviUmN+EgEM=
gopkg.in/yaml.v3 v3.0.1 h1:fxVm/GzAzEWqLHuvctI91KS9hhNmmWOoWu0XTYJS7CA=
gopkg.in/yaml.v3 v3.0.1/go.mod h1:K4uyk7z7BCEPqu6E+C64Yfv1cQ7kz7rIZviUmN+EgEM=
